<?xml version="1.0" encoding="UTF-8"?>
<CodeBlocks_project_file>
	<FileVersion major="1" minor="6"/>
	<Project>
		<Option title="GraphPartitioning"/>
		<Option makefile_is_custom="1"/>
		<Option compiler="gcc"/>
		<Option virtualFolders="CMake Files\;"/>
		<Build>
			<Target title="all">
				<Option working_dir="/data0/mzs/Code/GraphPartitioning/build-debug"/>
				<Option type="4"/>
				<MakeCommands>
					<Build command="/usr/bin/make -j40 -f &quot;/data0/mzs/Code/GraphPartitioning/build-debug/Makefile&quot;  VERBOSE=1 all"/>
					<CompileFile command="/usr/bin/make -j40 -f &quot;/data0/mzs/Code/GraphPartitioning/build-debug/Makefile&quot;  VERBOSE=1 &quot;$file&quot;"/>
					<Clean command="/usr/bin/make -j40 -f &quot;/data0/mzs/Code/GraphPartitioning/build-debug/Makefile&quot;  VERBOSE=1 clean"/>
					<DistClean command="/usr/bin/make -j40 -f &quot;/data0/mzs/Code/GraphPartitioning/build-debug/Makefile&quot;  VERBOSE=1 clean"/>
				</MakeCommands>
			</Target>
			<Target title="rebuild_cache">
				<Option working_dir="/data0/mzs/Code/GraphPartitioning/build-debug"/>
				<Option type="4"/>
				<MakeCommands>
					<Build command="/usr/bin/make -j40 -f &quot;/data0/mzs/Code/GraphPartitioning/build-debug/Makefile&quot;  VERBOSE=1 rebuild_cache"/>
					<CompileFile command="/usr/bin/make -j40 -f &quot;/data0/mzs/Code/GraphPartitioning/build-debug/Makefile&quot;  VERBOSE=1 &quot;$file&quot;"/>
					<Clean command="/usr/bin/make -j40 -f &quot;/data0/mzs/Code/GraphPartitioning/build-debug/Makefile&quot;  VERBOSE=1 clean"/>
					<DistClean command="/usr/bin/make -j40 -f &quot;/data0/mzs/Code/GraphPartitioning/build-debug/Makefile&quot;  VERBOSE=1 clean"/>
				</MakeCommands>
			</Target>
			<Target title="edit_cache">
				<Option working_dir="/data0/mzs/Code/GraphPartitioning/build-debug"/>
				<Option type="4"/>
				<MakeCommands>
					<Build command="/usr/bin/make -j40 -f &quot;/data0/mzs/Code/GraphPartitioning/build-debug/Makefile&quot;  VERBOSE=1 edit_cache"/>
					<CompileFile command="/usr/bin/make -j40 -f &quot;/data0/mzs/Code/GraphPartitioning/build-debug/Makefile&quot;  VERBOSE=1 &quot;$file&quot;"/>
					<Clean command="/usr/bin/make -j40 -f &quot;/data0/mzs/Code/GraphPartitioning/build-debug/Makefile&quot;  VERBOSE=1 clean"/>
					<DistClean command="/usr/bin/make -j40 -f &quot;/data0/mzs/Code/GraphPartitioning/build-debug/Makefile&quot;  VERBOSE=1 clean"/>
				</MakeCommands>
			</Target>
			<Target title="GraphPartitioning">
				<Option output="/data0/mzs/Code/GraphPartitioning/build-debug/GraphPartitioning" prefix_auto="0" extension_auto="0"/>
				<Option working_dir="/data0/mzs/Code/GraphPartitioning/build-debug"/>
				<Option object_output="./"/>
				<Option type="1"/>
				<Option compiler="gcc"/>
				<Compiler>
					<Add directory="/usr/include/c++/7"/>
					<Add directory="/usr/include/x86_64-linux-gnu/c++/7"/>
					<Add directory="/usr/include/c++/7/backward"/>
					<Add directory="/usr/lib/gcc/x86_64-linux-gnu/7/include"/>
					<Add directory="/usr/local/include"/>
					<Add directory="/usr/lib/gcc/x86_64-linux-gnu/7/include-fixed"/>
					<Add directory="/usr/include/x86_64-linux-gnu"/>
					<Add directory="/usr/include"/>
				</Compiler>
				<MakeCommands>
					<Build command="/usr/bin/make -j40 -f &quot;/data0/mzs/Code/GraphPartitioning/build-debug/Makefile&quot;  VERBOSE=1 GraphPartitioning"/>
					<CompileFile command="/usr/bin/make -j40 -f &quot;/data0/mzs/Code/GraphPartitioning/build-debug/Makefile&quot;  VERBOSE=1 &quot;$file&quot;"/>
					<Clean command="/usr/bin/make -j40 -f &quot;/data0/mzs/Code/GraphPartitioning/build-debug/Makefile&quot;  VERBOSE=1 clean"/>
					<DistClean command="/usr/bin/make -j40 -f &quot;/data0/mzs/Code/GraphPartitioning/build-debug/Makefile&quot;  VERBOSE=1 clean"/>
				</MakeCommands>
			</Target>
			<Target title="GraphPartitioning/fast">
				<Option output="/data0/mzs/Code/GraphPartitioning/build-debug/GraphPartitioning" prefix_auto="0" extension_auto="0"/>
				<Option working_dir="/data0/mzs/Code/GraphPartitioning/build-debug"/>
				<Option object_output="./"/>
				<Option type="1"/>
				<Option compiler="gcc"/>
				<Compiler>
					<Add directory="/usr/include/c++/7"/>
					<Add directory="/usr/include/x86_64-linux-gnu/c++/7"/>
					<Add directory="/usr/include/c++/7/backward"/>
					<Add directory="/usr/lib/gcc/x86_64-linux-gnu/7/include"/>
					<Add directory="/usr/local/include"/>
					<Add directory="/usr/lib/gcc/x86_64-linux-gnu/7/include-fixed"/>
					<Add directory="/usr/include/x86_64-linux-gnu"/>
					<Add directory="/usr/include"/>
				</Compiler>
				<MakeCommands>
					<Build command="/usr/bin/make -j40 -f &quot;/data0/mzs/Code/GraphPartitioning/build-debug/Makefile&quot;  VERBOSE=1 GraphPartitioning/fast"/>
					<CompileFile command="/usr/bin/make -j40 -f &quot;/data0/mzs/Code/GraphPartitioning/build-debug/Makefile&quot;  VERBOSE=1 &quot;$file&quot;"/>
					<Clean command="/usr/bin/make -j40 -f &quot;/data0/mzs/Code/GraphPartitioning/build-debug/Makefile&quot;  VERBOSE=1 clean"/>
					<DistClean command="/usr/bin/make -j40 -f &quot;/data0/mzs/Code/GraphPartitioning/build-debug/Makefile&quot;  VERBOSE=1 clean"/>
				</MakeCommands>
			</Target>
			<Target title="SOURCE_FILES">
				<Option output="/data0/mzs/Code/GraphPartitioning/build-debug/libSOURCE_FILES.a" prefix_auto="0" extension_auto="0"/>
				<Option working_dir="/data0/mzs/Code/GraphPartitioning/build-debug"/>
				<Option object_output="./"/>
				<Option type="2"/>
				<Option compiler="gcc"/>
				<Compiler>
					<Add directory="/usr/include/c++/7"/>
					<Add directory="/usr/include/x86_64-linux-gnu/c++/7"/>
					<Add directory="/usr/include/c++/7/backward"/>
					<Add directory="/usr/lib/gcc/x86_64-linux-gnu/7/include"/>
					<Add directory="/usr/local/include"/>
					<Add directory="/usr/lib/gcc/x86_64-linux-gnu/7/include-fixed"/>
					<Add directory="/usr/include/x86_64-linux-gnu"/>
					<Add directory="/usr/include"/>
				</Compiler>
				<MakeCommands>
					<Build command="/usr/bin/make -j40 -f &quot;/data0/mzs/Code/GraphPartitioning/build-debug/Makefile&quot;  VERBOSE=1 SOURCE_FILES"/>
					<CompileFile command="/usr/bin/make -j40 -f &quot;/data0/mzs/Code/GraphPartitioning/build-debug/Makefile&quot;  VERBOSE=1 &quot;$file&quot;"/>
					<Clean command="/usr/bin/make -j40 -f &quot;/data0/mzs/Code/GraphPartitioning/build-debug/Makefile&quot;  VERBOSE=1 clean"/>
					<DistClean command="/usr/bin/make -j40 -f &quot;/data0/mzs/Code/GraphPartitioning/build-debug/Makefile&quot;  VERBOSE=1 clean"/>
				</MakeCommands>
			</Target>
			<Target title="SOURCE_FILES/fast">
				<Option output="/data0/mzs/Code/GraphPartitioning/build-debug/libSOURCE_FILES.a" prefix_auto="0" extension_auto="0"/>
				<Option working_dir="/data0/mzs/Code/GraphPartitioning/build-debug"/>
				<Option object_output="./"/>
				<Option type="2"/>
				<Option compiler="gcc"/>
				<Compiler>
					<Add directory="/usr/include/c++/7"/>
					<Add directory="/usr/include/x86_64-linux-gnu/c++/7"/>
					<Add directory="/usr/include/c++/7/backward"/>
					<Add directory="/usr/lib/gcc/x86_64-linux-gnu/7/include"/>
					<Add directory="/usr/local/include"/>
					<Add directory="/usr/lib/gcc/x86_64-linux-gnu/7/include-fixed"/>
					<Add directory="/usr/include/x86_64-linux-gnu"/>
					<Add directory="/usr/include"/>
				</Compiler>
				<MakeCommands>
					<Build command="/usr/bin/make -j40 -f &quot;/data0/mzs/Code/GraphPartitioning/build-debug/Makefile&quot;  VERBOSE=1 SOURCE_FILES/fast"/>
					<CompileFile command="/usr/bin/make -j40 -f &quot;/data0/mzs/Code/GraphPartitioning/build-debug/Makefile&quot;  VERBOSE=1 &quot;$file&quot;"/>
					<Clean command="/usr/bin/make -j40 -f &quot;/data0/mzs/Code/GraphPartitioning/build-debug/Makefile&quot;  VERBOSE=1 clean"/>
					<DistClean command="/usr/bin/make -j40 -f &quot;/data0/mzs/Code/GraphPartitioning/build-debug/Makefile&quot;  VERBOSE=1 clean"/>
				</MakeCommands>
			</Target>
		</Build>
		<Unit filename="/data0/mzs/Code/GraphPartitioning/converter/conversions.cpp">
			<Option target="SOURCE_FILES"/>
		</Unit>
		<Unit filename="/data0/mzs/Code/GraphPartitioning/converter/conversions.hpp">
			<Option target="SOURCE_FILES"/>
		</Unit>
		<Unit filename="/data0/mzs/Code/GraphPartitioning/converter/shuffler.cpp">
			<Option target="SOURCE_FILES"/>
		</Unit>
		<Unit filename="/data0/mzs/Code/GraphPartitioning/converter/shuffler.hpp">
			<Option target="SOURCE_FILES"/>
		</Unit>
		<Unit filename="/data0/mzs/Code/GraphPartitioning/dbh.cpp">
			<Option target="SOURCE_FILES"/>
		</Unit>
		<Unit filename="/data0/mzs/Code/GraphPartitioning/dbh.hpp">
			<Option target="SOURCE_FILES"/>
		</Unit>
		<Unit filename="/data0/mzs/Code/GraphPartitioning/hdrf.cpp">
			<Option target="SOURCE_FILES"/>
		</Unit>
		<Unit filename="/data0/mzs/Code/GraphPartitioning/hdrf.hpp">
			<Option target="SOURCE_FILES"/>
		</Unit>
		<Unit filename="/data0/mzs/Code/GraphPartitioning/main.cpp">
			<Option target="GraphPartitioning"/>
		</Unit>
		<Unit filename="/data0/mzs/Code/GraphPartitioning/ne_partitioner/graph.cpp">
			<Option target="SOURCE_FILES"/>
		</Unit>
		<Unit filename="/data0/mzs/Code/GraphPartitioning/ne_partitioner/graph.hpp">
			<Option target="SOURCE_FILES"/>
		</Unit>
		<Unit filename="/data0/mzs/Code/GraphPartitioning/ne_partitioner/ne.cpp">
			<Option target="SOURCE_FILES"/>
		</Unit>
		<Unit filename="/data0/mzs/Code/GraphPartitioning/ne_partitioner/ne.hpp">
			<Option target="SOURCE_FILES"/>
		</Unit>
		<Unit filename="/data0/mzs/Code/GraphPartitioning/streaming_vp/fennel.cpp">
			<Option target="SOURCE_FILES"/>
		</Unit>
		<Unit filename="/data0/mzs/Code/GraphPartitioning/streaming_vp/fennel.hpp">
			<Option target="SOURCE_FILES"/>
		</Unit>
		<Unit filename="/data0/mzs/Code/GraphPartitioning/streaming_vp/ldg.cpp">
			<Option target="SOURCE_FILES"/>
		</Unit>
		<Unit filename="/data0/mzs/Code/GraphPartitioning/streaming_vp/ldg.hpp">
			<Option target="SOURCE_FILES"/>
		</Unit>
		<Unit filename="/data0/mzs/Code/GraphPartitioning/CMakeLists.txt">
			<Option virtualFolder="CMake Files\"/>
		</Unit>
	</Project>
</CodeBlocks_project_file>
